<?xml version="1.0" encoding="utf-8"?>
<Project ToolsVersion="4.0" xmlns="http://schemas.microsoft.com/developer/msbuild/2003">
  <ItemGroup>
    <Filter Include="engine">
      <UniqueIdentifier>{e2fe68dc-b373-47ef-8921-e4cd53edbe25}</UniqueIdentifier>
    </Filter>
    <Filter Include="engine\src">
      <UniqueIdentifier>{a5eef1c2-75f5-41a5-bc9d-53ae5475cc8e}</UniqueIdentifier>
    </Filter>
    <Filter Include="engine\include">
      <UniqueIdentifier>{96d5588d-6af1-4bfa-81f7-1ce78c206cb1}</UniqueIdentifier>
    </Filter>
    <Filter Include="engine\include\component">
      <UniqueIdentifier>{650d2a29-ac7a-4463-8742-d41b894c10b7}</UniqueIdentifier>
    </Filter>
    <Filter Include="engine\include\entity">
      <UniqueIdentifier>{da58bb4d-d9f9-43eb-9c5e-c4ff4a9e0ae9}</UniqueIdentifier>
    </Filter>
    <Filter Include="engine\include\system">
      <UniqueIdentifier>{72bed52f-e12a-40fb-b868-ba3a5e027361}</UniqueIdentifier>
    </Filter>
    <Filter Include="engine\include\util">
      <UniqueIdentifier>{32dffa31-2ae2-4cde-b08c-7fc67f64474d}</UniqueIdentifier>
    </Filter>
    <Filter Include="engine\src\component">
      <UniqueIdentifier>{999e12e1-c16d-4dea-a640-3ed54686edb0}</UniqueIdentifier>
    </Filter>
    <Filter Include="engine\src\entity">
      <UniqueIdentifier>{37250aca-efd5-4c82-81f9-2b76933a015c}</UniqueIdentifier>
    </Filter>
    <Filter Include="engine\src\system">
      <UniqueIdentifier>{8400d681-8bbe-4bfa-92f3-610887376ae4}</UniqueIdentifier>
    </Filter>
    <Filter Include="engine\src\util">
      <UniqueIdentifier>{08a10283-0882-4067-85fa-ca7ae6ced11d}</UniqueIdentifier>
    </Filter>
    <Filter Include="engine\include\data">
      <UniqueIdentifier>{454ed2ac-518e-4baf-8358-e433f000f74c}</UniqueIdentifier>
    </Filter>
  </ItemGroup>
  <ItemGroup>
    <ClCompile Include="src\util\waddle_log.c">
      <Filter>engine\src\util</Filter>
    </ClCompile>
    <ClCompile Include="src\util\waddle_math.c">
      <Filter>engine\src\util</Filter>
    </ClCompile>
    <ClCompile Include="src\waddle.c">
      <Filter>engine\src</Filter>
    </ClCompile>
    <ClCompile Include="src\system\waddle_system_physics.c">
      <Filter>engine\src\system</Filter>
    </ClCompile>
    <ClCompile Include="src\system\waddle_system_render.c">
      <Filter>engine\src\system</Filter>
    </ClCompile>
    <ClCompile Include="src\entity\waddle_entity.c">
      <Filter>engine\src\entity</Filter>
    </ClCompile>
    <ClCompile Include="src\system\waddle_system_resources.c">
      <Filter>engine\src\system</Filter>
    </ClCompile>
    <ClCompile Include="src\system\waddle_system_audio.c">
      <Filter>engine\src\system</Filter>
    </ClCompile>
    <ClCompile Include="src\util\waddle_string.c">
      <Filter>engine\src\util</Filter>
    </ClCompile>
    <ClCompile Include="src\system\waddle_system_animation.c">
      <Filter>engine\src\system</Filter>
    </ClCompile>
    <ClCompile Include="src\util\waddle_linked_list.c">
      <Filter>engine\src\util</Filter>
    </ClCompile>
    <ClCompile Include="include\util\waddle_window.c">
      <Filter>engine\src\util</Filter>
    </ClCompile>
  </ItemGroup>
  <ItemGroup>
    <ClInclude Include="include\component\waddle_component.h">
      <Filter>engine\include\component</Filter>
    </ClInclude>
    <ClInclude Include="include\component\waddle_component_audio_player.h">
      <Filter>engine\include\component</Filter>
    </ClInclude>
    <ClInclude Include="include\component\waddle_component_quad_collider.h">
      <Filter>engine\include\component</Filter>
    </ClInclude>
    <ClInclude Include="include\component\waddle_component_quad_renderer.h">
      <Filter>engine\include\component</Filter>
    </ClInclude>
    <ClInclude Include="include\component\waddle_component_sprite_renderer.h">
      <Filter>engine\include\component</Filter>
    </ClInclude>
    <ClInclude Include="include\component\waddle_component_transform.h">
      <Filter>engine\include\component</Filter>
    </ClInclude>
    <ClInclude Include="include\entity\waddle_entity.h">
      <Filter>engine\include\entity</Filter>
    </ClInclude>
    <ClInclude Include="include\system\waddle_system_physics.h">
      <Filter>engine\include\system</Filter>
    </ClInclude>
    <ClInclude Include="include\system\waddle_system_render.h">
      <Filter>engine\include\system</Filter>
    </ClInclude>
    <ClInclude Include="include\util\waddle_lazy.h">
      <Filter>engine\include\util</Filter>
    </ClInclude>
    <ClInclude Include="include\util\waddle_log.h">
      <Filter>engine\include\util</Filter>
    </ClInclude>
    <ClInclude Include="include\util\waddle_math.h">
      <Filter>engine\include\util</Filter>
    </ClInclude>
    <ClInclude Include="include\waddle.h">
      <Filter>engine\include</Filter>
    </ClInclude>
    <ClInclude Include="include\component\waddle_component_ui_text.h">
      <Filter>engine\include\component</Filter>
    </ClInclude>
    <ClInclude Include="include\system\waddle_system_audio.h">
      <Filter>engine\include\system</Filter>
    </ClInclude>
    <ClInclude Include="include\system\waddle_system_resources.h">
      <Filter>engine\include\system</Filter>
    </ClInclude>
    <ClInclude Include="include\util\waddle_string.h">
      <Filter>engine\include\util</Filter>
    </ClInclude>
    <ClInclude Include="include\component\waddle_component_animator.h">
      <Filter>engine\include\component</Filter>
    </ClInclude>
    <ClInclude Include="include\component\waddle_component_animated_sprite_renderer.h">
      <Filter>engine\include\component</Filter>
    </ClInclude>
    <ClInclude Include="include\component\waddle_component_animation.h">
      <Filter>engine\include\component</Filter>
    </ClInclude>
    <ClInclude Include="include\system\waddle_system_animation.h">
      <Filter>engine\include\system</Filter>
    </ClInclude>
    <ClInclude Include="include\component\waddle_component_clip_sprite_renderer.h">
      <Filter>engine\include\component</Filter>
    </ClInclude>
    <ClInclude Include="include\util\waddle_node.h">
      <Filter>engine\include\util</Filter>
    </ClInclude>
    <ClInclude Include="include\util\waddle_linked_list.h">
      <Filter>engine\include\util</Filter>
    </ClInclude>
    <ClInclude Include="include\data\waddle_globals.h">
      <Filter>engine\include\data</Filter>
    </ClInclude>
    <ClInclude Include="include\util\waddle_window.h">
      <Filter>engine\include\util</Filter>
    </ClInclude>
  </ItemGroup>
</Project>