<?xml version="1.0" encoding="utf-8"?>
<Project ToolsVersion="4.0" xmlns="http://schemas.microsoft.com/developer/msbuild/2003">
  <ItemGroup>
    <Filter Include="Source Files">
      <UniqueIdentifier>{4FC737F1-C7A5-4376-A066-2A32D752A2FF}</UniqueIdentifier>
      <Extensions>cpp;c;cc;cxx;c++;cppm;ixx;def;odl;idl;hpj;bat;asm;asmx</Extensions>
    </Filter>
    <Filter Include="Header Files">
      <UniqueIdentifier>{93995380-89BD-4b04-88EB-625FBE52EBFB}</UniqueIdentifier>
      <Extensions>h;hh;hpp;hxx;h++;hm;inl;inc;ipp;xsd</Extensions>
    </Filter>
    <Filter Include="Resource Files">
      <UniqueIdentifier>{67DA6AB6-F800-4c08-8B7A-83BB121AAD01}</UniqueIdentifier>
      <Extensions>rc;ico;cur;bmp;dlg;rc2;rct;bin;rgs;gif;jpg;jpeg;jpe;resx;tiff;tif;png;wav;mfcribbon-ms</Extensions>
    </Filter>
    <Filter Include="engine">
      <UniqueIdentifier>{e2fe68dc-b373-47ef-8921-e4cd53edbe25}</UniqueIdentifier>
    </Filter>
    <Filter Include="engine\src">
      <UniqueIdentifier>{a5eef1c2-75f5-41a5-bc9d-53ae5475cc8e}</UniqueIdentifier>
    </Filter>
    <Filter Include="engine\include">
      <UniqueIdentifier>{96d5588d-6af1-4bfa-81f7-1ce78c206cb1}</UniqueIdentifier>
    </Filter>
    <Filter Include="game">
      <UniqueIdentifier>{6cf93ab4-1893-4f22-9e6f-8eebea585d06}</UniqueIdentifier>
    </Filter>
    <Filter Include="game\include">
      <UniqueIdentifier>{56635566-2eaa-4ae3-8e29-ca6374fe4d2f}</UniqueIdentifier>
    </Filter>
    <Filter Include="game\src">
      <UniqueIdentifier>{1b8d10e9-1e89-47b0-acfd-474afbbdd1f3}</UniqueIdentifier>
    </Filter>
  </ItemGroup>
  <ItemGroup>
    <ClCompile Include="main.c">
      <Filter>Source Files</Filter>
    </ClCompile>
    <ClCompile Include="waddle.c">
      <Filter>engine\src</Filter>
    </ClCompile>
    <ClCompile Include="waddle_log.c">
      <Filter>engine\src</Filter>
    </ClCompile>
    <ClCompile Include="waddle_time.c">
      <Filter>engine\src</Filter>
    </ClCompile>
    <ClCompile Include="waddle_system_render.c">
      <Filter>engine\src</Filter>
    </ClCompile>
    <ClCompile Include="quad_controller.c">
      <Filter>game\src</Filter>
    </ClCompile>
    <ClCompile Include="waddle_entity.c">
      <Filter>engine\src</Filter>
    </ClCompile>
  </ItemGroup>
  <ItemGroup>
    <ClInclude Include="game.h">
      <Filter>game\include</Filter>
    </ClInclude>
    <ClInclude Include="waddle.h">
      <Filter>engine\include</Filter>
    </ClInclude>
    <ClInclude Include="waddle_log.h">
      <Filter>engine\include</Filter>
    </ClInclude>
    <ClInclude Include="waddle_time.h">
      <Filter>engine\include</Filter>
    </ClInclude>
    <ClInclude Include="waddle_component.h">
      <Filter>engine\include</Filter>
    </ClInclude>
    <ClInclude Include="waddle_entity.h">
      <Filter>engine\include</Filter>
    </ClInclude>
    <ClInclude Include="waddle_component_quad_renderer.h">
      <Filter>engine\include</Filter>
    </ClInclude>
    <ClInclude Include="waddle_system_render.h">
      <Filter>engine\include</Filter>
    </ClInclude>
    <ClInclude Include="quad_controller.h">
      <Filter>game\include</Filter>
    </ClInclude>
    <ClInclude Include="waddle_system_update.h">
      <Filter>engine\include</Filter>
    </ClInclude>
    <ClInclude Include="waddle_component_transform.h">
      <Filter>engine\include</Filter>
    </ClInclude>
  </ItemGroup>
</Project>