<?xml version="1.0" encoding="utf-8"?>
<Project ToolsVersion="4.0" xmlns="http://schemas.microsoft.com/developer/msbuild/2003">
  <ItemGroup>
    <Filter Include="Source Files">
      <UniqueIdentifier>{4FC737F1-C7A5-4376-A066-2A32D752A2FF}</UniqueIdentifier>
      <Extensions>cpp;c;cc;cxx;c++;cppm;ixx;def;odl;idl;hpj;bat;asm;asmx</Extensions>
    </Filter>
    <Filter Include="Header Files">
      <UniqueIdentifier>{93995380-89BD-4b04-88EB-625FBE52EBFB}</UniqueIdentifier>
      <Extensions>h;hh;hpp;hxx;h++;hm;inl;inc;ipp;xsd</Extensions>
    </Filter>
    <Filter Include="Resource Files">
      <UniqueIdentifier>{67DA6AB6-F800-4c08-8B7A-83BB121AAD01}</UniqueIdentifier>
      <Extensions>rc;ico;cur;bmp;dlg;rc2;rct;bin;rgs;gif;jpg;jpeg;jpe;resx;tiff;tif;png;wav;mfcribbon-ms</Extensions>
    </Filter>
    <Filter Include="engine">
      <UniqueIdentifier>{e2fe68dc-b373-47ef-8921-e4cd53edbe25}</UniqueIdentifier>
    </Filter>
    <Filter Include="engine\src">
      <UniqueIdentifier>{a5eef1c2-75f5-41a5-bc9d-53ae5475cc8e}</UniqueIdentifier>
    </Filter>
    <Filter Include="engine\include">
      <UniqueIdentifier>{96d5588d-6af1-4bfa-81f7-1ce78c206cb1}</UniqueIdentifier>
    </Filter>
    <Filter Include="game">
      <UniqueIdentifier>{6cf93ab4-1893-4f22-9e6f-8eebea585d06}</UniqueIdentifier>
    </Filter>
    <Filter Include="game\include">
      <UniqueIdentifier>{56635566-2eaa-4ae3-8e29-ca6374fe4d2f}</UniqueIdentifier>
    </Filter>
    <Filter Include="game\src">
      <UniqueIdentifier>{1b8d10e9-1e89-47b0-acfd-474afbbdd1f3}</UniqueIdentifier>
    </Filter>
    <Filter Include="engine\include\component">
      <UniqueIdentifier>{650d2a29-ac7a-4463-8742-d41b894c10b7}</UniqueIdentifier>
    </Filter>
    <Filter Include="engine\include\entity">
      <UniqueIdentifier>{da58bb4d-d9f9-43eb-9c5e-c4ff4a9e0ae9}</UniqueIdentifier>
    </Filter>
    <Filter Include="engine\include\system">
      <UniqueIdentifier>{72bed52f-e12a-40fb-b868-ba3a5e027361}</UniqueIdentifier>
    </Filter>
    <Filter Include="engine\include\util">
      <UniqueIdentifier>{32dffa31-2ae2-4cde-b08c-7fc67f64474d}</UniqueIdentifier>
    </Filter>
    <Filter Include="engine\src\component">
      <UniqueIdentifier>{999e12e1-c16d-4dea-a640-3ed54686edb0}</UniqueIdentifier>
    </Filter>
    <Filter Include="engine\src\entity">
      <UniqueIdentifier>{37250aca-efd5-4c82-81f9-2b76933a015c}</UniqueIdentifier>
    </Filter>
    <Filter Include="engine\src\system">
      <UniqueIdentifier>{8400d681-8bbe-4bfa-92f3-610887376ae4}</UniqueIdentifier>
    </Filter>
    <Filter Include="engine\src\util">
      <UniqueIdentifier>{08a10283-0882-4067-85fa-ca7ae6ced11d}</UniqueIdentifier>
    </Filter>
  </ItemGroup>
  <ItemGroup>
    <ClCompile Include="test_games\coin_catcher\src\main.c">
      <Filter>Source Files</Filter>
    </ClCompile>
    <ClCompile Include="test_games\coin_catcher\src\coin_manager.c">
      <Filter>game\src</Filter>
    </ClCompile>
    <ClCompile Include="test_games\coin_catcher\src\coin_spawner.c">
      <Filter>game\src</Filter>
    </ClCompile>
    <ClCompile Include="test_games\coin_catcher\src\game.c">
      <Filter>game\src</Filter>
    </ClCompile>
    <ClCompile Include="test_games\coin_catcher\src\game_manager.c">
      <Filter>game\src</Filter>
    </ClCompile>
    <ClCompile Include="test_games\coin_catcher\src\quad_controller.c">
      <Filter>game\src</Filter>
    </ClCompile>
    <ClCompile Include="src\util\waddle_log.c">
      <Filter>engine\src\util</Filter>
    </ClCompile>
    <ClCompile Include="src\util\waddle_math.c">
      <Filter>engine\src\util</Filter>
    </ClCompile>
    <ClCompile Include="src\waddle.c">
      <Filter>engine\src</Filter>
    </ClCompile>
    <ClCompile Include="src\system\waddle_system_physics.c">
      <Filter>engine\src\system</Filter>
    </ClCompile>
    <ClCompile Include="src\system\waddle_system_render.c">
      <Filter>engine\src\system</Filter>
    </ClCompile>
    <ClCompile Include="src\entity\waddle_entity.c">
      <Filter>engine\src\entity</Filter>
    </ClCompile>
    <ClCompile Include="src\component\waddle_component_audio_player.c">
      <Filter>engine\src\component</Filter>
    </ClCompile>
    <ClCompile Include="src\component\waddle_component_sprite_renderer.c">
      <Filter>engine\src\component</Filter>
    </ClCompile>
  </ItemGroup>
  <ItemGroup>
    <ClInclude Include="test_games\coin_catcher\include\coin_manager.h">
      <Filter>game\include</Filter>
    </ClInclude>
    <ClInclude Include="test_games\coin_catcher\include\coin_spawner.h">
      <Filter>game\include</Filter>
    </ClInclude>
    <ClInclude Include="test_games\coin_catcher\include\game.h">
      <Filter>game\include</Filter>
    </ClInclude>
    <ClInclude Include="test_games\coin_catcher\include\game_manager.h">
      <Filter>game\include</Filter>
    </ClInclude>
    <ClInclude Include="test_games\coin_catcher\include\quad_controller.h">
      <Filter>game\include</Filter>
    </ClInclude>
    <ClInclude Include="include\component\waddle_component.h">
      <Filter>engine\include\component</Filter>
    </ClInclude>
    <ClInclude Include="include\component\waddle_component_audio_player.h">
      <Filter>engine\include\component</Filter>
    </ClInclude>
    <ClInclude Include="include\component\waddle_component_include.h">
      <Filter>engine\include\component</Filter>
    </ClInclude>
    <ClInclude Include="include\component\waddle_component_quad_collider.h">
      <Filter>engine\include\component</Filter>
    </ClInclude>
    <ClInclude Include="include\component\waddle_component_quad_renderer.h">
      <Filter>engine\include\component</Filter>
    </ClInclude>
    <ClInclude Include="include\component\waddle_component_sprite_renderer.h">
      <Filter>engine\include\component</Filter>
    </ClInclude>
    <ClInclude Include="include\component\waddle_component_transform.h">
      <Filter>engine\include\component</Filter>
    </ClInclude>
    <ClInclude Include="include\component\waddle_custom_component_type.h">
      <Filter>engine\include\component</Filter>
    </ClInclude>
    <ClInclude Include="include\entity\waddle_entity.h">
      <Filter>engine\include\entity</Filter>
    </ClInclude>
    <ClInclude Include="include\system\waddle_system_physics.h">
      <Filter>engine\include\system</Filter>
    </ClInclude>
    <ClInclude Include="include\system\waddle_system_render.h">
      <Filter>engine\include\system</Filter>
    </ClInclude>
    <ClInclude Include="include\util\waddle_lazy.h">
      <Filter>engine\include\util</Filter>
    </ClInclude>
    <ClInclude Include="include\util\waddle_log.h">
      <Filter>engine\include\util</Filter>
    </ClInclude>
    <ClInclude Include="include\util\waddle_math.h">
      <Filter>engine\include\util</Filter>
    </ClInclude>
  </ItemGroup>
</Project>